
Microsoft Visual Studio Solution File, Format Version 12.00
# Visual Studio Version 17
VisualStudioVersion = 17.11.35312.102
MinimumVisualStudioVersion = 10.0.40219.1
Project("{FAE04EC0-301F-11D3-BF4B-00C04F79EFBC}") = "Gerenciador de tarefas", "Gerenciador de tarefas\Gerenciador de tarefas.csproj", "{464335B1-A6D2-4898-9AC9-6AF3D2DC3EB2}"
EndProject
Global
	GlobalSection(SolutionConfigurationPlatforms) = preSolution
		Debug|Any CPU = Debug|Any CPU
		Release|Any CPU = Release|Any CPU
	EndGlobalSection
	GlobalSection(ProjectConfigurationPlatforms) = postSolution
		{464335B1-A6D2-4898-9AC9-6AF3D2DC3EB2}.Debug|Any CPU.ActiveCfg = Debug|Any CPU
		{464335B1-A6D2-4898-9AC9-6AF3D2DC3EB2}.Debug|Any CPU.Build.0 = Debug|Any CPU
		{464335B1-A6D2-4898-9AC9-6AF3D2DC3EB2}.Release|Any CPU.ActiveCfg = Release|Any CPU
		{464335B1-A6D2-4898-9AC9-6AF3D2DC3EB2}.Release|Any CPU.Build.0 = Release|Any CPU
	EndGlobalSection
	GlobalSection(SolutionProperties) = preSolution
		HideSolutionNode = FALSE
	EndGlobalSection
	GlobalSection(ExtensibilityGlobals) = postSolution
		SolutionGuid = {E5A15242-85B1-4BC8-88DE-9FA2478A6404}
	EndGlobalSection
EndGlobal
